
Microsoft Visual Studio Solution File, Format Version 12.00
# Visual Studio Version 16
VisualStudioVersion = 16.0.32106.194
MinimumVisualStudioVersion = 10.0.40219.1
Project("{FAE04EC0-301F-11D3-BF4B-00C04F79EFBC}") = "Nefarius.Utilities.WindowsVersion", "src\Nefarius.Utilities.WindowsVersion.csproj", "{147B7609-9E10-4E2F-A06D-3060F2A0BA21}"
EndProject
Project("{2150E333-8FDC-42A3-9474-1A3956D46DE8}") = "Solution Items", "Solution Items", "{2F3E4B94-E905-4577-B24F-52EF4F7D5DE7}"
	ProjectSection(SolutionItems) = preProject
		.editorconfig = .editorconfig
		.gitattributes = .gitattributes
		.gitignore = .gitignore
		LICENSE = LICENSE
		README.md = README.md
		.github\workflows\build.yml = .github\workflows\build.yml
		.github\workflows\publish-to-nuget.yml = .github\workflows\publish-to-nuget.yml
	EndProjectSection
EndProject
Project("{FAE04EC0-301F-11D3-BF4B-00C04F79EFBC}") = "app", "app\app.csproj", "{3AAA4E5A-33EA-4708-9C1D-FB2B80735163}"
EndProject
Global
	GlobalSection(SolutionConfigurationPlatforms) = preSolution
		Debug|Any CPU = Debug|Any CPU
		Release|Any CPU = Release|Any CPU
	EndGlobalSection
	GlobalSection(ProjectConfigurationPlatforms) = postSolution
		{147B7609-9E10-4E2F-A06D-3060F2A0BA21}.Debug|Any CPU.ActiveCfg = Debug|Any CPU
		{147B7609-9E10-4E2F-A06D-3060F2A0BA21}.Debug|Any CPU.Build.0 = Debug|Any CPU
		{147B7609-9E10-4E2F-A06D-3060F2A0BA21}.Release|Any CPU.ActiveCfg = Release|Any CPU
		{147B7609-9E10-4E2F-A06D-3060F2A0BA21}.Release|Any CPU.Build.0 = Release|Any CPU
		{3AAA4E5A-33EA-4708-9C1D-FB2B80735163}.Debug|Any CPU.ActiveCfg = Debug|Any CPU
		{3AAA4E5A-33EA-4708-9C1D-FB2B80735163}.Debug|Any CPU.Build.0 = Debug|Any CPU
		{3AAA4E5A-33EA-4708-9C1D-FB2B80735163}.Release|Any CPU.ActiveCfg = Release|Any CPU
		{3AAA4E5A-33EA-4708-9C1D-FB2B80735163}.Release|Any CPU.Build.0 = Release|Any CPU
	EndGlobalSection
	GlobalSection(SolutionProperties) = preSolution
		HideSolutionNode = FALSE
	EndGlobalSection
	GlobalSection(ExtensibilityGlobals) = postSolution
		SolutionGuid = {F0CCE2EC-1EA9-4708-875D-1C3EE31A5409}
	EndGlobalSection
EndGlobal
