
Microsoft Visual Studio Solution File, Format Version 12.00
# Visual Studio Version 16
VisualStudioVersion = 16.0.32106.194
MinimumVisualStudioVersion = 10.0.40219.1
Project("{FAE04EC0-301F-11D3-BF4B-00C04F79EFBC}") = "Nefarius.Utilities.WindowsVersion", "Nefarius.Utilities.WindowsVersion.csproj", "{147B7609-9E10-4E2F-A06D-3060F2A0BA21}"
EndProject
Global
	GlobalSection(SolutionConfigurationPlatforms) = preSolution
		Debug|Any CPU = Debug|Any CPU
		Release|Any CPU = Release|Any CPU
	EndGlobalSection
	GlobalSection(ProjectConfigurationPlatforms) = postSolution
		{147B7609-9E10-4E2F-A06D-3060F2A0BA21}.Debug|Any CPU.ActiveCfg = Debug|Any CPU
		{147B7609-9E10-4E2F-A06D-3060F2A0BA21}.Debug|Any CPU.Build.0 = Debug|Any CPU
		{147B7609-9E10-4E2F-A06D-3060F2A0BA21}.Release|Any CPU.ActiveCfg = Release|Any CPU
		{147B7609-9E10-4E2F-A06D-3060F2A0BA21}.Release|Any CPU.Build.0 = Release|Any CPU
	EndGlobalSection
	GlobalSection(SolutionProperties) = preSolution
		HideSolutionNode = FALSE
	EndGlobalSection
	GlobalSection(ExtensibilityGlobals) = postSolution
		SolutionGuid = {F0CCE2EC-1EA9-4708-875D-1C3EE31A5409}
	EndGlobalSection
EndGlobal
